
Microsoft Visual Studio Solution File, Format Version 11.00
# Visual Studio 2010
Project("{FAE04EC0-301F-11D3-BF4B-00C04F79EFBC}") = "UnityEngine.UI", "UnityEngine.UI.csproj", "{3e8af288-f00b-1b1d-1fe2-2673cbf26189}"
EndProject
Project("{FAE04EC0-301F-11D3-BF4B-00C04F79EFBC}") = "UnityEngine.TestRunner", "UnityEngine.TestRunner.csproj", "{4b19dbc4-27f7-49bd-e25f-a34975584a85}"
EndProject
Project("{FAE04EC0-301F-11D3-BF4B-00C04F79EFBC}") = "Unity.VisualScripting.Flow", "Unity.VisualScripting.Flow.csproj", "{bb82f2b4-b231-0784-588a-2aaed6c03613}"
EndProject
Project("{FAE04EC0-301F-11D3-BF4B-00C04F79EFBC}") = "Unity.Services.Core.Telemetry", "Unity.Services.Core.Telemetry.csproj", "{eb8b5433-b504-90c1-304b-3ded6331dabe}"
EndProject
Project("{FAE04EC0-301F-11D3-BF4B-00C04F79EFBC}") = "Unity.VisualScripting.State", "Unity.VisualScripting.State.csproj", "{41ce4310-7539-156d-4c78-781fb86c1bcd}"
EndProject
Project("{FAE04EC0-301F-11D3-BF4B-00C04F79EFBC}") = "Unity.VisualScripting.Core", "Unity.VisualScripting.Core.csproj", "{8fc08b4d-6c4d-ab80-d0d6-5d2a828976ff}"
EndProject
Project("{FAE04EC0-301F-11D3-BF4B-00C04F79EFBC}") = "Unity.Services.Core.Environments.Internal", "Unity.Services.Core.Environments.Internal.csproj", "{668aef4c-1955-4bfa-4ccf-6c3b428c28b9}"
EndProject
Project("{FAE04EC0-301F-11D3-BF4B-00C04F79EFBC}") = "Unity.TextMeshPro", "Unity.TextMeshPro.csproj", "{ee597dc8-d206-1577-8e7f-086f4469b3b1}"
EndProject
Project("{FAE04EC0-301F-11D3-BF4B-00C04F79EFBC}") = "Unity.Timeline", "Unity.Timeline.csproj", "{aa41a6aa-3c3c-318e-b3f7-429bed79252b}"
EndProject
Project("{FAE04EC0-301F-11D3-BF4B-00C04F79EFBC}") = "Unity.Services.Core", "Unity.Services.Core.csproj", "{168ed02a-0942-c4d8-ecd6-c00a491cddb9}"
EndProject
Project("{FAE04EC0-301F-11D3-BF4B-00C04F79EFBC}") = "Unity.Services.Core.Environments", "Unity.Services.Core.Environments.csproj", "{d4456588-e6c5-0b29-0d81-209dd214ff4e}"
EndProject
Project("{FAE04EC0-301F-11D3-BF4B-00C04F79EFBC}") = "Assembly-CSharp", "Assembly-CSharp.csproj", "{a3026fd2-d2f0-e6f8-475c-1d86133134f9}"
EndProject
Project("{FAE04EC0-301F-11D3-BF4B-00C04F79EFBC}") = "Unity.Services.Core.Internal", "Unity.Services.Core.Internal.csproj", "{75957339-4a62-ef1d-87e0-7fdf859b2568}"
EndProject
Project("{FAE04EC0-301F-11D3-BF4B-00C04F79EFBC}") = "Unity.Services.Core.Analytics", "Unity.Services.Core.Analytics.csproj", "{d530d110-4f83-7419-93e6-d21be13a4e3b}"
EndProject
Project("{FAE04EC0-301F-11D3-BF4B-00C04F79EFBC}") = "Unity.Services.Core.Scheduler", "Unity.Services.Core.Scheduler.csproj", "{77acd8e8-98a8-180c-663e-d7c9e927148b}"
EndProject
Project("{FAE04EC0-301F-11D3-BF4B-00C04F79EFBC}") = "Unity.Services.Core.Registration", "Unity.Services.Core.Registration.csproj", "{4f27e1b9-a2c4-36c4-4521-1fd78d369355}"
EndProject
Project("{FAE04EC0-301F-11D3-BF4B-00C04F79EFBC}") = "Unity.Services.Core.Device", "Unity.Services.Core.Device.csproj", "{9c801e13-8569-785f-2924-ac7bfc4af27c}"
EndProject
Project("{FAE04EC0-301F-11D3-BF4B-00C04F79EFBC}") = "Unity.Services.Core.Threading", "Unity.Services.Core.Threading.csproj", "{9bb35bd1-fd7c-8e2d-020c-7c9edafb0793}"
EndProject
Project("{FAE04EC0-301F-11D3-BF4B-00C04F79EFBC}") = "Unity.Services.Core.Networking", "Unity.Services.Core.Networking.csproj", "{f8ef330a-9453-722c-fa47-ef69b45db01c}"
EndProject
Project("{FAE04EC0-301F-11D3-BF4B-00C04F79EFBC}") = "Unity.Services.Core.Configuration", "Unity.Services.Core.Configuration.csproj", "{3c72d398-03ba-2225-48b5-6eb40a6fe037}"
EndProject
Project("{FAE04EC0-301F-11D3-BF4B-00C04F79EFBC}") = "Unity.PlasticSCM.Editor", "Unity.PlasticSCM.Editor.csproj", "{d583c78f-a857-48cc-0ac2-6689e3d4eab3}"
EndProject
Project("{FAE04EC0-301F-11D3-BF4B-00C04F79EFBC}") = "Unity.VisualScripting.Core.Editor", "Unity.VisualScripting.Core.Editor.csproj", "{e9065bed-8a9a-2d72-759f-e44a0da1de2f}"
EndProject
Project("{FAE04EC0-301F-11D3-BF4B-00C04F79EFBC}") = "Unity.VisualScripting.Flow.Editor", "Unity.VisualScripting.Flow.Editor.csproj", "{95a079ac-9356-6ed9-1fda-4dafb809262c}"
EndProject
Project("{FAE04EC0-301F-11D3-BF4B-00C04F79EFBC}") = "Unity.VisualStudio.Editor", "Unity.VisualStudio.Editor.csproj", "{cfffbd01-3b42-2b8b-c1f9-7be7566ab7f6}"
EndProject
Project("{FAE04EC0-301F-11D3-BF4B-00C04F79EFBC}") = "Unity.Timeline.Editor", "Unity.Timeline.Editor.csproj", "{732a8a4c-0a13-5b21-ea0b-06c6e7999a08}"
EndProject
Project("{FAE04EC0-301F-11D3-BF4B-00C04F79EFBC}") = "Unity.VisualScripting.State.Editor", "Unity.VisualScripting.State.Editor.csproj", "{518bd2e7-b326-17a2-aca7-082afa6df205}"
EndProject
Project("{FAE04EC0-301F-11D3-BF4B-00C04F79EFBC}") = "Unity.TextMeshPro.Editor", "Unity.TextMeshPro.Editor.csproj", "{5b77d780-f006-6163-b26d-7d141dc5dd18}"
EndProject
Project("{FAE04EC0-301F-11D3-BF4B-00C04F79EFBC}") = "Unity.VisualScripting.SettingsProvider.Editor", "Unity.VisualScripting.SettingsProvider.Editor.csproj", "{beb0a157-9374-71e9-aad7-1c5e9c7054ca}"
EndProject
Project("{FAE04EC0-301F-11D3-BF4B-00C04F79EFBC}") = "Unity.CollabProxy.Editor", "Unity.CollabProxy.Editor.csproj", "{1a3242bb-4ecf-0dd3-8543-aa59c5f6afac}"
EndProject
Project("{FAE04EC0-301F-11D3-BF4B-00C04F79EFBC}") = "UnityEditor.TestRunner", "UnityEditor.TestRunner.csproj", "{295d56b4-32d0-a24b-207c-ad9c92f29cb7}"
EndProject
Project("{FAE04EC0-301F-11D3-BF4B-00C04F79EFBC}") = "Unity.Services.Core.Editor", "Unity.Services.Core.Editor.csproj", "{3cb80918-f83c-26fa-0813-e2097f7437a6}"
EndProject
Project("{FAE04EC0-301F-11D3-BF4B-00C04F79EFBC}") = "Unity.TestTools.CodeCoverage.Editor", "Unity.TestTools.CodeCoverage.Editor.csproj", "{9a70e24f-a86f-043c-6300-495aab24766e}"
EndProject
Project("{FAE04EC0-301F-11D3-BF4B-00C04F79EFBC}") = "Unity.Rider.Editor", "Unity.Rider.Editor.csproj", "{5e340613-65bd-fa5b-92a9-e0811d715894}"
EndProject
Project("{FAE04EC0-301F-11D3-BF4B-00C04F79EFBC}") = "Unity.Performance.Profile-Analyzer.Editor", "Unity.Performance.Profile-Analyzer.Editor.csproj", "{d98577d3-cddc-0a60-4711-1ca9c9540efe}"
EndProject
Project("{FAE04EC0-301F-11D3-BF4B-00C04F79EFBC}") = "Unity.VSCode.Editor", "Unity.VSCode.Editor.csproj", "{33edef73-2de0-d80a-4031-ae58b932f621}"
EndProject
Project("{FAE04EC0-301F-11D3-BF4B-00C04F79EFBC}") = "UnityEditor.UI", "UnityEditor.UI.csproj", "{439dfeb7-f047-af47-7524-26b3ca18a18f}"
EndProject
Project("{FAE04EC0-301F-11D3-BF4B-00C04F79EFBC}") = "Unity.TestTools.CodeCoverage.Editor.OpenCover.Model", "Unity.TestTools.CodeCoverage.Editor.OpenCover.Model.csproj", "{549c439f-3e6e-7aa9-d1b2-79b724c16e58}"
EndProject
Project("{FAE04EC0-301F-11D3-BF4B-00C04F79EFBC}") = "Unity.EditorCoroutines.Editor", "Unity.EditorCoroutines.Editor.csproj", "{b1c51fa8-ac9f-6ffe-59b3-1353d2fea82d}"
EndProject
Project("{FAE04EC0-301F-11D3-BF4B-00C04F79EFBC}") = "Unity.Settings.Editor", "Unity.Settings.Editor.csproj", "{d037b831-35f3-92ea-b6fc-488e64ac7ee3}"
EndProject
Project("{FAE04EC0-301F-11D3-BF4B-00C04F79EFBC}") = "Unity.Services.Core.Configuration.Editor", "Unity.Services.Core.Configuration.Editor.csproj", "{3a139bb8-45b8-3e07-29ad-975f462cc344}"
EndProject
Project("{FAE04EC0-301F-11D3-BF4B-00C04F79EFBC}") = "Unity.Play.Publisher.Editor", "Unity.Play.Publisher.Editor.csproj", "{6868471c-3063-62ef-25c0-912191634b7d}"
EndProject
Project("{FAE04EC0-301F-11D3-BF4B-00C04F79EFBC}") = "Unity.InternalAPIEditorBridgeDev.001", "Unity.InternalAPIEditorBridgeDev.001.csproj", "{ebeaf8f0-91b3-2581-a06b-a237ae7e85f8}"
EndProject
Project("{FAE04EC0-301F-11D3-BF4B-00C04F79EFBC}") = "Unity.TestTools.CodeCoverage.Editor.OpenCover.Mono.Reflection", "Unity.TestTools.CodeCoverage.Editor.OpenCover.Mono.Reflection.csproj", "{75075715-77cd-65c9-e0d6-c1a399b048e6}"
EndProject
Project("{FAE04EC0-301F-11D3-BF4B-00C04F79EFBC}") = "Unity.VisualScripting.Shared.Editor", "Unity.VisualScripting.Shared.Editor.csproj", "{db72369c-09be-d4b0-5319-b28cba5fb18d}"
EndProject
Global
	GlobalSection(SolutionConfigurationPlatforms) = preSolution
		Debug|Any CPU = Debug|Any CPU
	EndGlobalSection
	GlobalSection(ProjectConfigurationPlatforms) = postSolution
		{3e8af288-f00b-1b1d-1fe2-2673cbf26189}.Debug|Any CPU.ActiveCfg = Debug|Any CPU
		{3e8af288-f00b-1b1d-1fe2-2673cbf26189}.Debug|Any CPU.Build.0 = Debug|Any CPU
		{4b19dbc4-27f7-49bd-e25f-a34975584a85}.Debug|Any CPU.ActiveCfg = Debug|Any CPU
		{4b19dbc4-27f7-49bd-e25f-a34975584a85}.Debug|Any CPU.Build.0 = Debug|Any CPU
		{bb82f2b4-b231-0784-588a-2aaed6c03613}.Debug|Any CPU.ActiveCfg = Debug|Any CPU
		{bb82f2b4-b231-0784-588a-2aaed6c03613}.Debug|Any CPU.Build.0 = Debug|Any CPU
		{eb8b5433-b504-90c1-304b-3ded6331dabe}.Debug|Any CPU.ActiveCfg = Debug|Any CPU
		{eb8b5433-b504-90c1-304b-3ded6331dabe}.Debug|Any CPU.Build.0 = Debug|Any CPU
		{41ce4310-7539-156d-4c78-781fb86c1bcd}.Debug|Any CPU.ActiveCfg = Debug|Any CPU
		{41ce4310-7539-156d-4c78-781fb86c1bcd}.Debug|Any CPU.Build.0 = Debug|Any CPU
		{8fc08b4d-6c4d-ab80-d0d6-5d2a828976ff}.Debug|Any CPU.ActiveCfg = Debug|Any CPU
		{8fc08b4d-6c4d-ab80-d0d6-5d2a828976ff}.Debug|Any CPU.Build.0 = Debug|Any CPU
		{668aef4c-1955-4bfa-4ccf-6c3b428c28b9}.Debug|Any CPU.ActiveCfg = Debug|Any CPU
		{668aef4c-1955-4bfa-4ccf-6c3b428c28b9}.Debug|Any CPU.Build.0 = Debug|Any CPU
		{ee597dc8-d206-1577-8e7f-086f4469b3b1}.Debug|Any CPU.ActiveCfg = Debug|Any CPU
		{ee597dc8-d206-1577-8e7f-086f4469b3b1}.Debug|Any CPU.Build.0 = Debug|Any CPU
		{aa41a6aa-3c3c-318e-b3f7-429bed79252b}.Debug|Any CPU.ActiveCfg = Debug|Any CPU
		{aa41a6aa-3c3c-318e-b3f7-429bed79252b}.Debug|Any CPU.Build.0 = Debug|Any CPU
		{168ed02a-0942-c4d8-ecd6-c00a491cddb9}.Debug|Any CPU.ActiveCfg = Debug|Any CPU
		{168ed02a-0942-c4d8-ecd6-c00a491cddb9}.Debug|Any CPU.Build.0 = Debug|Any CPU
		{d4456588-e6c5-0b29-0d81-209dd214ff4e}.Debug|Any CPU.ActiveCfg = Debug|Any CPU
		{d4456588-e6c5-0b29-0d81-209dd214ff4e}.Debug|Any CPU.Build.0 = Debug|Any CPU
		{a3026fd2-d2f0-e6f8-475c-1d86133134f9}.Debug|Any CPU.ActiveCfg = Debug|Any CPU
		{a3026fd2-d2f0-e6f8-475c-1d86133134f9}.Debug|Any CPU.Build.0 = Debug|Any CPU
		{75957339-4a62-ef1d-87e0-7fdf859b2568}.Debug|Any CPU.ActiveCfg = Debug|Any CPU
		{75957339-4a62-ef1d-87e0-7fdf859b2568}.Debug|Any CPU.Build.0 = Debug|Any CPU
		{d530d110-4f83-7419-93e6-d21be13a4e3b}.Debug|Any CPU.ActiveCfg = Debug|Any CPU
		{d530d110-4f83-7419-93e6-d21be13a4e3b}.Debug|Any CPU.Build.0 = Debug|Any CPU
		{77acd8e8-98a8-180c-663e-d7c9e927148b}.Debug|Any CPU.ActiveCfg = Debug|Any CPU
		{77acd8e8-98a8-180c-663e-d7c9e927148b}.Debug|Any CPU.Build.0 = Debug|Any CPU
		{4f27e1b9-a2c4-36c4-4521-1fd78d369355}.Debug|Any CPU.ActiveCfg = Debug|Any CPU
		{4f27e1b9-a2c4-36c4-4521-1fd78d369355}.Debug|Any CPU.Build.0 = Debug|Any CPU
		{9c801e13-8569-785f-2924-ac7bfc4af27c}.Debug|Any CPU.ActiveCfg = Debug|Any CPU
		{9c801e13-8569-785f-2924-ac7bfc4af27c}.Debug|Any CPU.Build.0 = Debug|Any CPU
		{9bb35bd1-fd7c-8e2d-020c-7c9edafb0793}.Debug|Any CPU.ActiveCfg = Debug|Any CPU
		{9bb35bd1-fd7c-8e2d-020c-7c9edafb0793}.Debug|Any CPU.Build.0 = Debug|Any CPU
		{f8ef330a-9453-722c-fa47-ef69b45db01c}.Debug|Any CPU.ActiveCfg = Debug|Any CPU
		{f8ef330a-9453-722c-fa47-ef69b45db01c}.Debug|Any CPU.Build.0 = Debug|Any CPU
		{3c72d398-03ba-2225-48b5-6eb40a6fe037}.Debug|Any CPU.ActiveCfg = Debug|Any CPU
		{3c72d398-03ba-2225-48b5-6eb40a6fe037}.Debug|Any CPU.Build.0 = Debug|Any CPU
		{d583c78f-a857-48cc-0ac2-6689e3d4eab3}.Debug|Any CPU.ActiveCfg = Debug|Any CPU
		{d583c78f-a857-48cc-0ac2-6689e3d4eab3}.Debug|Any CPU.Build.0 = Debug|Any CPU
		{e9065bed-8a9a-2d72-759f-e44a0da1de2f}.Debug|Any CPU.ActiveCfg = Debug|Any CPU
		{e9065bed-8a9a-2d72-759f-e44a0da1de2f}.Debug|Any CPU.Build.0 = Debug|Any CPU
		{95a079ac-9356-6ed9-1fda-4dafb809262c}.Debug|Any CPU.ActiveCfg = Debug|Any CPU
		{95a079ac-9356-6ed9-1fda-4dafb809262c}.Debug|Any CPU.Build.0 = Debug|Any CPU
		{cfffbd01-3b42-2b8b-c1f9-7be7566ab7f6}.Debug|Any CPU.ActiveCfg = Debug|Any CPU
		{cfffbd01-3b42-2b8b-c1f9-7be7566ab7f6}.Debug|Any CPU.Build.0 = Debug|Any CPU
		{732a8a4c-0a13-5b21-ea0b-06c6e7999a08}.Debug|Any CPU.ActiveCfg = Debug|Any CPU
		{732a8a4c-0a13-5b21-ea0b-06c6e7999a08}.Debug|Any CPU.Build.0 = Debug|Any CPU
		{518bd2e7-b326-17a2-aca7-082afa6df205}.Debug|Any CPU.ActiveCfg = Debug|Any CPU
		{518bd2e7-b326-17a2-aca7-082afa6df205}.Debug|Any CPU.Build.0 = Debug|Any CPU
		{5b77d780-f006-6163-b26d-7d141dc5dd18}.Debug|Any CPU.ActiveCfg = Debug|Any CPU
		{5b77d780-f006-6163-b26d-7d141dc5dd18}.Debug|Any CPU.Build.0 = Debug|Any CPU
		{beb0a157-9374-71e9-aad7-1c5e9c7054ca}.Debug|Any CPU.ActiveCfg = Debug|Any CPU
		{beb0a157-9374-71e9-aad7-1c5e9c7054ca}.Debug|Any CPU.Build.0 = Debug|Any CPU
		{1a3242bb-4ecf-0dd3-8543-aa59c5f6afac}.Debug|Any CPU.ActiveCfg = Debug|Any CPU
		{1a3242bb-4ecf-0dd3-8543-aa59c5f6afac}.Debug|Any CPU.Build.0 = Debug|Any CPU
		{295d56b4-32d0-a24b-207c-ad9c92f29cb7}.Debug|Any CPU.ActiveCfg = Debug|Any CPU
		{295d56b4-32d0-a24b-207c-ad9c92f29cb7}.Debug|Any CPU.Build.0 = Debug|Any CPU
		{3cb80918-f83c-26fa-0813-e2097f7437a6}.Debug|Any CPU.ActiveCfg = Debug|Any CPU
		{3cb80918-f83c-26fa-0813-e2097f7437a6}.Debug|Any CPU.Build.0 = Debug|Any CPU
		{9a70e24f-a86f-043c-6300-495aab24766e}.Debug|Any CPU.ActiveCfg = Debug|Any CPU
		{9a70e24f-a86f-043c-6300-495aab24766e}.Debug|Any CPU.Build.0 = Debug|Any CPU
		{5e340613-65bd-fa5b-92a9-e0811d715894}.Debug|Any CPU.ActiveCfg = Debug|Any CPU
		{5e340613-65bd-fa5b-92a9-e0811d715894}.Debug|Any CPU.Build.0 = Debug|Any CPU
		{d98577d3-cddc-0a60-4711-1ca9c9540efe}.Debug|Any CPU.ActiveCfg = Debug|Any CPU
		{d98577d3-cddc-0a60-4711-1ca9c9540efe}.Debug|Any CPU.Build.0 = Debug|Any CPU
		{33edef73-2de0-d80a-4031-ae58b932f621}.Debug|Any CPU.ActiveCfg = Debug|Any CPU
		{33edef73-2de0-d80a-4031-ae58b932f621}.Debug|Any CPU.Build.0 = Debug|Any CPU
		{439dfeb7-f047-af47-7524-26b3ca18a18f}.Debug|Any CPU.ActiveCfg = Debug|Any CPU
		{439dfeb7-f047-af47-7524-26b3ca18a18f}.Debug|Any CPU.Build.0 = Debug|Any CPU
		{549c439f-3e6e-7aa9-d1b2-79b724c16e58}.Debug|Any CPU.ActiveCfg = Debug|Any CPU
		{549c439f-3e6e-7aa9-d1b2-79b724c16e58}.Debug|Any CPU.Build.0 = Debug|Any CPU
		{b1c51fa8-ac9f-6ffe-59b3-1353d2fea82d}.Debug|Any CPU.ActiveCfg = Debug|Any CPU
		{b1c51fa8-ac9f-6ffe-59b3-1353d2fea82d}.Debug|Any CPU.Build.0 = Debug|Any CPU
		{d037b831-35f3-92ea-b6fc-488e64ac7ee3}.Debug|Any CPU.ActiveCfg = Debug|Any CPU
		{d037b831-35f3-92ea-b6fc-488e64ac7ee3}.Debug|Any CPU.Build.0 = Debug|Any CPU
		{3a139bb8-45b8-3e07-29ad-975f462cc344}.Debug|Any CPU.ActiveCfg = Debug|Any CPU
		{3a139bb8-45b8-3e07-29ad-975f462cc344}.Debug|Any CPU.Build.0 = Debug|Any CPU
		{6868471c-3063-62ef-25c0-912191634b7d}.Debug|Any CPU.ActiveCfg = Debug|Any CPU
		{6868471c-3063-62ef-25c0-912191634b7d}.Debug|Any CPU.Build.0 = Debug|Any CPU
		{ebeaf8f0-91b3-2581-a06b-a237ae7e85f8}.Debug|Any CPU.ActiveCfg = Debug|Any CPU
		{ebeaf8f0-91b3-2581-a06b-a237ae7e85f8}.Debug|Any CPU.Build.0 = Debug|Any CPU
		{75075715-77cd-65c9-e0d6-c1a399b048e6}.Debug|Any CPU.ActiveCfg = Debug|Any CPU
		{75075715-77cd-65c9-e0d6-c1a399b048e6}.Debug|Any CPU.Build.0 = Debug|Any CPU
		{db72369c-09be-d4b0-5319-b28cba5fb18d}.Debug|Any CPU.ActiveCfg = Debug|Any CPU
		{db72369c-09be-d4b0-5319-b28cba5fb18d}.Debug|Any CPU.Build.0 = Debug|Any CPU
	EndGlobalSection
	GlobalSection(SolutionProperties) = preSolution
		HideSolutionNode = FALSE
	EndGlobalSection
EndGlobal
